// !$*UTF8*$!
{
	archiveVersion = 1;
	classes = {
	};
	objectVersion = 50;
	objects = {

/* Begin PBXBuildFile section */
		FA82463624D411C5004AAA98 /* AppDelegate.swift in Sources */ = {isa = PBXBuildFile; fileRef = FA82463524D411C5004AAA98 /* AppDelegate.swift */; };
		FA82463824D411C5004AAA98 /* SceneDelegate.swift in Sources */ = {isa = PBXBuildFile; fileRef = FA82463724D411C5004AAA98 /* SceneDelegate.swift */; };
		FA82463D24D411C5004AAA98 /* Main.storyboard in Resources */ = {isa = PBXBuildFile; fileRef = FA82463B24D411C5004AAA98 /* Main.storyboard */; };
		FA82463F24D411C8004AAA98 /* Assets.xcassets in Resources */ = {isa = PBXBuildFile; fileRef = FA82463E24D411C8004AAA98 /* Assets.xcassets */; };
		FA82464224D411C8004AAA98 /* LaunchScreen.storyboard in Resources */ = {isa = PBXBuildFile; fileRef = FA82464024D411C8004AAA98 /* LaunchScreen.storyboard */; };
		FA82464A24D426CE004AAA98 /* TableViewController.swift in Sources */ = {isa = PBXBuildFile; fileRef = FA82464924D426CE004AAA98 /* TableViewController.swift */; };
		FA82464C24D42719004AAA98 /* AddViewController.swift in Sources */ = {isa = PBXBuildFile; fileRef = FA82464B24D42719004AAA98 /* AddViewController.swift */; };
		FA82464E24D4272F004AAA98 /* DetailViewController.swift in Sources */ = {isa = PBXBuildFile; fileRef = FA82464D24D4272F004AAA98 /* DetailViewController.swift */; };
		FA82465224D428DA004AAA98 /* pencil.png in Resources */ = {isa = PBXBuildFile; fileRef = FA82464F24D428DA004AAA98 /* pencil.png */; };
		FA82465324D428DA004AAA98 /* cart.png in Resources */ = {isa = PBXBuildFile; fileRef = FA82465024D428DA004AAA98 /* cart.png */; };
		FA82465424D428DA004AAA98 /* clock.png in Resources */ = {isa = PBXBuildFile; fileRef = FA82465124D428DA004AAA98 /* clock.png */; };
/* End PBXBuildFile section */

/* Begin PBXFileReference section */
		FA82463224D411C5004AAA98 /* CloneTable.app */ = {isa = PBXFileReference; explicitFileType = wrapper.application; includeInIndex = 0; path = CloneTable.app; sourceTree = BUILT_PRODUCTS_DIR; };
		FA82463524D411C5004AAA98 /* AppDelegate.swift */ = {isa = PBXFileReference; lastKnownFileType = sourcecode.swift; path = AppDelegate.swift; sourceTree = "<group>"; };
		FA82463724D411C5004AAA98 /* SceneDelegate.swift */ = {isa = PBXFileReference; lastKnownFileType = sourcecode.swift; path = SceneDelegate.swift; sourceTree = "<group>"; };
		FA82463C24D411C5004AAA98 /* Base */ = {isa = PBXFileReference; lastKnownFileType = file.storyboard; name = Base; path = Base.lproj/Main.storyboard; sourceTree = "<group>"; };
		FA82463E24D411C8004AAA98 /* Assets.xcassets */ = {isa = PBXFileReference; lastKnownFileType = folder.assetcatalog; path = Assets.xcassets; sourceTree = "<group>"; };
		FA82464124D411C8004AAA98 /* Base */ = {isa = PBXFileReference; lastKnownFileType = file.storyboard; name = Base; path = Base.lproj/LaunchScreen.storyboard; sourceTree = "<group>"; };
		FA82464324D411C8004AAA98 /* Info.plist */ = {isa = PBXFileReference; lastKnownFileType = text.plist.xml; path = Info.plist; sourceTree = "<group>"; };
		FA82464924D426CE004AAA98 /* TableViewController.swift */ = {isa = PBXFileReference; lastKnownFileType = sourcecode.swift; path = TableViewController.swift; sourceTree = "<group>"; };
		FA82464B24D42719004AAA98 /* AddViewController.swift */ = {isa = PBXFileReference; lastKnownFileType = sourcecode.swift; path = AddViewController.swift; sourceTree = "<group>"; };
		FA82464D24D4272F004AAA98 /* DetailViewController.swift */ = {isa = PBXFileReference; lastKnownFileType = sourcecode.swift; path = DetailViewController.swift; sourceTree = "<group>"; };
		FA82464F24D428DA004AAA98 /* pencil.png */ = {isa = PBXFileReference; lastKnownFileType = image.png; name = pencil.png; path = "../../../Doit!스위프트입문개정4판_예제 및 미션 코드/12장/본문실습이미지/pencil.png"; sourceTree = "<group>"; };
		FA82465024D428DA004AAA98 /* cart.png */ = {isa = PBXFileReference; lastKnownFileType = image.png; name = cart.png; path = "../../../Doit!스위프트입문개정4판_예제 및 미션 코드/12장/본문실습이미지/cart.png"; sourceTree = "<group>"; };
		FA82465124D428DA004AAA98 /* clock.png */ = {isa = PBXFileReference; lastKnownFileType = image.png; name = clock.png; path = "../../../Doit!스위프트입문개정4판_예제 및 미션 코드/12장/본문실습이미지/clock.png"; sourceTree = "<group>"; };
/* End PBXFileReference section */

/* Begin PBXFrameworksBuildPhase section */
		FA82462F24D411C5004AAA98 /* Frameworks */ = {
			isa = PBXFrameworksBuildPhase;
			buildActionMask = 2147483647;
			files = (
			);
			runOnlyForDeploymentPostprocessing = 0;
		};
/* End PBXFrameworksBuildPhase section */

/* Begin PBXGroup section */
		FA82462924D411C5004AAA98 = {
			isa = PBXGroup;
			children = (
				FA82463424D411C5004AAA98 /* CloneTable */,
				FA82463324D411C5004AAA98 /* Products */,
			);
			sourceTree = "<group>";
		};
		FA82463324D411C5004AAA98 /* Products */ = {
			isa = PBXGroup;
			children = (
				FA82463224D411C5004AAA98 /* CloneTable.app */,
			);
			name = Products;
			sourceTree = "<group>";
		};
		FA82463424D411C5004AAA98 /* CloneTable */ = {
			isa = PBXGroup;
			children = (
				FA82465024D428DA004AAA98 /* cart.png */,
				FA82465124D428DA004AAA98 /* clock.png */,
				FA82464F24D428DA004AAA98 /* pencil.png */,
				FA82463524D411C5004AAA98 /* AppDelegate.swift */,
				FA82463724D411C5004AAA98 /* SceneDelegate.swift */,
				FA82463B24D411C5004AAA98 /* Main.storyboard */,
				FA82463E24D411C8004AAA98 /* Assets.xcassets */,
				FA82464024D411C8004AAA98 /* LaunchScreen.storyboard */,
				FA82464324D411C8004AAA98 /* Info.plist */,
				FA82464924D426CE004AAA98 /* TableViewController.swift */,
				FA82464B24D42719004AAA98 /* AddViewController.swift */,
				FA82464D24D4272F004AAA98 /* DetailViewController.swift */,
			);
			path = CloneTable;
			sourceTree = "<group>";
		};
/* End PBXGroup section */

/* Begin PBXNativeTarget section */
		FA82463124D411C5004AAA98 /* CloneTable */ = {
			isa = PBXNativeTarget;
			buildConfigurationList = FA82464624D411C8004AAA98 /* Build configuration list for PBXNativeTarget "CloneTable" */;
			buildPhases = (
				FA82462E24D411C5004AAA98 /* Sources */,
				FA82462F24D411C5004AAA98 /* Frameworks */,
				FA82463024D411C5004AAA98 /* Resources */,
			);
			buildRules = (
			);
			dependencies = (
			);
			name = CloneTable;
			productName = CloneTable;
			productReference = FA82463224D411C5004AAA98 /* CloneTable.app */;
			productType = "com.apple.product-type.application";
		};
/* End PBXNativeTarget section */

/* Begin PBXProject section */
		FA82462A24D411C5004AAA98 /* Project object */ = {
			isa = PBXProject;
			attributes = {
				LastSwiftUpdateCheck = 1160;
				LastUpgradeCheck = 1160;
				ORGANIZATIONNAME = sapere4ude;
				TargetAttributes = {
					FA82463124D411C5004AAA98 = {
						CreatedOnToolsVersion = 11.6;
					};
				};
			};
			buildConfigurationList = FA82462D24D411C5004AAA98 /* Build configuration list for PBXProject "CloneTable" */;
			compatibilityVersion = "Xcode 9.3";
			developmentRegion = en;
			hasScannedForEncodings = 0;
			knownRegions = (
				en,
				Base,
			);
			mainGroup = FA82462924D411C5004AAA98;
			productRefGroup = FA82463324D411C5004AAA98 /* Products */;
			projectDirPath = "";
			projectRoot = "";
			targets = (
				FA82463124D411C5004AAA98 /* CloneTable */,
			);
		};
/* End PBXProject section */

/* Begin PBXResourcesBuildPhase section */
		FA82463024D411C5004AAA98 /* Resources */ = {
			isa = PBXResourcesBuildPhase;
			buildActionMask = 2147483647;
			files = (
				FA82465424D428DA004AAA98 /* clock.png in Resources */,
				FA82465224D428DA004AAA98 /* pencil.png in Resources */,
				FA82465324D428DA004AAA98 /* cart.png in Resources */,
				FA82464224D411C8004AAA98 /* LaunchScreen.storyboard in Resources */,
				FA82463F24D411C8004AAA98 /* Assets.xcassets in Resources */,
				FA82463D24D411C5004AAA98 /* Main.storyboard in Resources */,
			);
			runOnlyForDeploymentPostprocessing = 0;
		};
/* End PBXResourcesBuildPhase section */

/* Begin PBXSourcesBuildPhase section */
		FA82462E24D411C5004AAA98 /* Sources */ = {
			isa = PBXSourcesBuildPhase;
			buildActionMask = 2147483647;
			files = (
				FA82463624D411C5004AAA98 /* AppDelegate.swift in Sources */,
				FA82464A24D426CE004AAA98 /* TableViewController.swift in Sources */,
				FA82464E24D4272F004AAA98 /* DetailViewController.swift in Sources */,
				FA82464C24D42719004AAA98 /* AddViewController.swift in Sources */,
				FA82463824D411C5004AAA98 /* SceneDelegate.swift in Sources */,
			);
			runOnlyForDeploymentPostprocessing = 0;
		};
/* End PBXSourcesBuildPhase section */

/* Begin PBXVariantGroup section */
		FA82463B24D411C5004AAA98 /* Main.storyboard */ = {
			isa = PBXVariantGroup;
			children = (
				FA82463C24D411C5004AAA98 /* Base */,
			);
			name = Main.storyboard;
			sourceTree = "<group>";
		};
		FA82464024D411C8004AAA98 /* LaunchScreen.storyboard */ = {
			isa = PBXVariantGroup;
			children = (
				FA82464124D411C8004AAA98 /* Base */,
			);
			name = LaunchScreen.storyboard;
			sourceTree = "<group>";
		};
/* End PBXVariantGroup section */

/* Begin XCBuildConfiguration section */
		FA82464424D411C8004AAA98 /* Debug */ = {
			isa = XCBuildConfiguration;
			buildSettings = {
				ALWAYS_SEARCH_USER_PATHS = NO;
				CLANG_ANALYZER_NONNULL = YES;
				CLANG_ANALYZER_NUMBER_OBJECT_CONVERSION = YES_AGGRESSIVE;
				CLANG_CXX_LANGUAGE_STANDARD = "gnu++14";
				CLANG_CXX_LIBRARY = "libc++";
				CLANG_ENABLE_MODULES = YES;
				CLANG_ENABLE_OBJC_ARC = YES;
				CLANG_ENABLE_OBJC_WEAK = YES;
				CLANG_WARN_BLOCK_CAPTURE_AUTORELEASING = YES;
				CLANG_WARN_BOOL_CONVERSION = YES;
				CLANG_WARN_COMMA = YES;
				CLANG_WARN_CONSTANT_CONVERSION = YES;
				CLANG_WARN_DEPRECATED_OBJC_IMPLEMENTATIONS = YES;
				CLANG_WARN_DIRECT_OBJC_ISA_USAGE = YES_ERROR;
				CLANG_WARN_DOCUMENTATION_COMMENTS = YES;
				CLANG_WARN_EMPTY_BODY = YES;
				CLANG_WARN_ENUM_CONVERSION = YES;
				CLANG_WARN_INFINITE_RECURSION = YES;
				CLANG_WARN_INT_CONVERSION = YES;
				CLANG_WARN_NON_LITERAL_NULL_CONVERSION = YES;
				CLANG_WARN_OBJC_IMPLICIT_RETAIN_SELF = YES;
				CLANG_WARN_OBJC_LITERAL_CONVERSION = YES;
				CLANG_WARN_OBJC_ROOT_CLASS = YES_ERROR;
				CLANG_WARN_RANGE_LOOP_ANALYSIS = YES;
				CLANG_WARN_STRICT_PROTOTYPES = YES;
				CLANG_WARN_SUSPICIOUS_MOVE = YES;
				CLANG_WARN_UNGUARDED_AVAILABILITY = YES_AGGRESSIVE;
				CLANG_WARN_UNREACHABLE_CODE = YES;
				CLANG_WARN__DUPLICATE_METHOD_MATCH = YES;
				COPY_PHASE_STRIP = NO;
				DEBUG_INFORMATION_FORMAT = dwarf;
				ENABLE_STRICT_OBJC_MSGSEND = YES;
				ENABLE_TESTABILITY = YES;
				GCC_C_LANGUAGE_STANDARD = gnu11;
				GCC_DYNAMIC_NO_PIC = NO;
				GCC_NO_COMMON_BLOCKS = YES;
				GCC_OPTIMIZATION_LEVEL = 0;
				GCC_PREPROCESSOR_DEFINITIONS = (
					"DEBUG=1",
					"$(inherited)",
				);
				GCC_WARN_64_TO_32_BIT_CONVERSION = YES;
				GCC_WARN_ABOUT_RETURN_TYPE = YES_ERROR;
				GCC_WARN_UNDECLARED_SELECTOR = YES;
				GCC_WARN_UNINITIALIZED_AUTOS = YES_AGGRESSIVE;
				GCC_WARN_UNUSED_FUNCTION = YES;
				GCC_WARN_UNUSED_VARIABLE = YES;
				IPHONEOS_DEPLOYMENT_TARGET = 13.6;
				MTL_ENABLE_DEBUG_INFO = INCLUDE_SOURCE;
				MTL_FAST_MATH = YES;
				ONLY_ACTIVE_ARCH = YES;
				SDKROOT = iphoneos;
				SWIFT_ACTIVE_COMPILATION_CONDITIONS = DEBUG;
				SWIFT_OPTIMIZATION_LEVEL = "-Onone";
			};
			name = Debug;
		};
		FA82464524D411C8004AAA98 /* Release */ = {
			isa = XCBuildConfiguration;
			buildSettings = {
				ALWAYS_SEARCH_USER_PATHS = NO;
				CLANG_ANALYZER_NONNULL = YES;
				CLANG_ANALYZER_NUMBER_OBJECT_CONVERSION = YES_AGGRESSIVE;
				CLANG_CXX_LANGUAGE_STANDARD = "gnu++14";
				CLANG_CXX_LIBRARY = "libc++";
				CLANG_ENABLE_MODULES = YES;
				CLANG_ENABLE_OBJC_ARC = YES;
				CLANG_ENABLE_OBJC_WEAK = YES;
				CLANG_WARN_BLOCK_CAPTURE_AUTORELEASING = YES;
				CLANG_WARN_BOOL_CONVERSION = YES;
				CLANG_WARN_COMMA = YES;
				CLANG_WARN_CONSTANT_CONVERSION = YES;
				CLANG_WARN_DEPRECATED_OBJC_IMPLEMENTATIONS = YES;
				CLANG_WARN_DIRECT_OBJC_ISA_USAGE = YES_ERROR;
				CLANG_WARN_DOCUMENTATION_COMMENTS = YES;
				CLANG_WARN_EMPTY_BODY = YES;
				CLANG_WARN_ENUM_CONVERSION = YES;
				CLANG_WARN_INFINITE_RECURSION = YES;
				CLANG_WARN_INT_CONVERSION = YES;
				CLANG_WARN_NON_LITERAL_NULL_CONVERSION = YES;
				CLANG_WARN_OBJC_IMPLICIT_RETAIN_SELF = YES;
				CLANG_WARN_OBJC_LITERAL_CONVERSION = YES;
				CLANG_WARN_OBJC_ROOT_CLASS = YES_ERROR;
				CLANG_WARN_RANGE_LOOP_ANALYSIS = YES;
				CLANG_WARN_STRICT_PROTOTYPES = YES;
				CLANG_WARN_SUSPICIOUS_MOVE = YES;
				CLANG_WARN_UNGUARDED_AVAILABILITY = YES_AGGRESSIVE;
				CLANG_WARN_UNREACHABLE_CODE = YES;
				CLANG_WARN__DUPLICATE_METHOD_MATCH = YES;
				COPY_PHASE_STRIP = NO;
				DEBUG_INFORMATION_FORMAT = "dwarf-with-dsym";
				ENABLE_NS_ASSERTIONS = NO;
				ENABLE_STRICT_OBJC_MSGSEND = YES;
				GCC_C_LANGUAGE_STANDARD = gnu11;
				GCC_NO_COMMON_BLOCKS = YES;
				GCC_WARN_64_TO_32_BIT_CONVERSION = YES;
				GCC_WARN_ABOUT_RETURN_TYPE = YES_ERROR;
				GCC_WARN_UNDECLARED_SELECTOR = YES;
				GCC_WARN_UNINITIALIZED_AUTOS = YES_AGGRESSIVE;
				GCC_WARN_UNUSED_FUNCTION = YES;
				GCC_WARN_UNUSED_VARIABLE = YES;
				IPHONEOS_DEPLOYMENT_TARGET = 13.6;
				MTL_ENABLE_DEBUG_INFO = NO;
				MTL_FAST_MATH = YES;
				SDKROOT = iphoneos;
				SWIFT_COMPILATION_MODE = wholemodule;
				SWIFT_OPTIMIZATION_LEVEL = "-O";
				VALIDATE_PRODUCT = YES;
			};
			name = Release;
		};
		FA82464724D411C8004AAA98 /* Debug */ = {
			isa = XCBuildConfiguration;
			buildSettings = {
				ASSETCATALOG_COMPILER_APPICON_NAME = AppIcon;
				CODE_SIGN_STYLE = Automatic;
				INFOPLIST_FILE = CloneTable/Info.plist;
				LD_RUNPATH_SEARCH_PATHS = (
					"$(inherited)",
					"@executable_path/Frameworks",
				);
				PRODUCT_BUNDLE_IDENTIFIER = sapere4ude.CloneTable;
				PRODUCT_NAME = "$(TARGET_NAME)";
				SWIFT_VERSION = 5.0;
				TARGETED_DEVICE_FAMILY = "1,2";
			};
			name = Debug;
		};
		FA82464824D411C8004AAA98 /* Release */ = {
			isa = XCBuildConfiguration;
			buildSettings = {
				ASSETCATALOG_COMPILER_APPICON_NAME = AppIcon;
				CODE_SIGN_STYLE = Automatic;
				INFOPLIST_FILE = CloneTable/Info.plist;
				LD_RUNPATH_SEARCH_PATHS = (
					"$(inherited)",
					"@executable_path/Frameworks",
				);
				PRODUCT_BUNDLE_IDENTIFIER = sapere4ude.CloneTable;
				PRODUCT_NAME = "$(TARGET_NAME)";
				SWIFT_VERSION = 5.0;
				TARGETED_DEVICE_FAMILY = "1,2";
			};
			name = Release;
		};
/* End XCBuildConfiguration section */

/* Begin XCConfigurationList section */
		FA82462D24D411C5004AAA98 /* Build configuration list for PBXProject "CloneTable" */ = {
			isa = XCConfigurationList;
			buildConfigurations = (
				FA82464424D411C8004AAA98 /* Debug */,
				FA82464524D411C8004AAA98 /* Release */,
			);
			defaultConfigurationIsVisible = 0;
			defaultConfigurationName = Release;
		};
		FA82464624D411C8004AAA98 /* Build configuration list for PBXNativeTarget "CloneTable" */ = {
			isa = XCConfigurationList;
			buildConfigurations = (
				FA82464724D411C8004AAA98 /* Debug */,
				FA82464824D411C8004AAA98 /* Release */,
			);
			defaultConfigurationIsVisible = 0;
			defaultConfigurationName = Release;
		};
/* End XCConfigurationList section */
	};
	rootObject = FA82462A24D411C5004AAA98 /* Project object */;
}
